{
  "name": "moca-compiler",
  "version": "1.0.7",
  "lockfileVersion": 3,
  "requires": true,
  "packages": {
    "": {
      "name": "moca-compiler",
      "version": "1.0.7",
      "license": "MIT",
      "dependencies": {
        "antlr4": "^4.13.1-patch-1"
      },
      "devDependencies": {
        "typescript": "^5.3.2"
      }
    },
    "node_modules/antlr4": {
      "version": "4.13.1-patch-1",
      "resolved": "https://registry.npmjs.org/antlr4/-/antlr4-4.13.1-patch-1.tgz",
      "integrity": "sha512-OjFLWWLzDMV9rdFhpvroCWR4ooktNg9/nvVYSA5z28wuVpU36QUNuioR1XLnQtcjVlf8npjyz593PxnU/f/Cow==",
      "engines": {
        "node": ">=16"
      }
    },
    "node_modules/typescript": {
      "version": "5.5.2",
      "resolved": "https://registry.npmjs.org/typescript/-/typescript-5.5.2.tgz",
      "integrity": "sha512-NcRtPEOsPFFWjobJEtfihkLCZCXZt/os3zf8nTxjVH3RvTSxjrCamJpbExGvYOF+tFHc3pA65qpdwPbzjohhew==",
      "dev": true,
      "bin": {
        "tsc": "bin/tsc",
        "tsserver": "bin/tsserver"
      },
      "engines": {
        "node": ">=14.17"
      }
    }
  }
}
